
Microsoft Visual Studio Solution File, Format Version 12.00
# Visual Studio Version 17
VisualStudioVersion = 17.4.33205.214
MinimumVisualStudioVersion = 10.0.40219.1
Project("{9A19103F-16F7-4668-BE54-9A1E7A4F7556}") = "Foundation", "Foundation\Foundation.csproj", "{7E410E41-58C2-4360-AE2F-8858858DE343}"
EndProject
Project("{FAE04EC0-301F-11D3-BF4B-00C04F79EFBC}") = "TicTacToe", "TicTacToe\TicTacToe.csproj", "{E1FD1C2B-5BEA-463E-9AF5-A926A1807A91}"
EndProject
Global
	GlobalSection(SolutionConfigurationPlatforms) = preSolution
		Debug|Any CPU = Debug|Any CPU
		Release|Any CPU = Release|Any CPU
	EndGlobalSection
	GlobalSection(ProjectConfigurationPlatforms) = postSolution
		{7E410E41-58C2-4360-AE2F-8858858DE343}.Debug|Any CPU.ActiveCfg = Debug|Any CPU
		{7E410E41-58C2-4360-AE2F-8858858DE343}.Debug|Any CPU.Build.0 = Debug|Any CPU
		{7E410E41-58C2-4360-AE2F-8858858DE343}.Release|Any CPU.ActiveCfg = Release|Any CPU
		{7E410E41-58C2-4360-AE2F-8858858DE343}.Release|Any CPU.Build.0 = Release|Any CPU
		{E1FD1C2B-5BEA-463E-9AF5-A926A1807A91}.Debug|Any CPU.ActiveCfg = Debug|Any CPU
		{E1FD1C2B-5BEA-463E-9AF5-A926A1807A91}.Debug|Any CPU.Build.0 = Debug|Any CPU
		{E1FD1C2B-5BEA-463E-9AF5-A926A1807A91}.Release|Any CPU.ActiveCfg = Release|Any CPU
		{E1FD1C2B-5BEA-463E-9AF5-A926A1807A91}.Release|Any CPU.Build.0 = Release|Any CPU
	EndGlobalSection
	GlobalSection(SolutionProperties) = preSolution
		HideSolutionNode = FALSE
	EndGlobalSection
	GlobalSection(ExtensibilityGlobals) = postSolution
		SolutionGuid = {99259911-5A0B-46F6-A447-9AE6EF349A9A}
	EndGlobalSection
EndGlobal
